
Microsoft Visual Studio Solution File, Format Version 12.00
# Visual Studio 15
VisualStudioVersion = 15.0.27703.2047
MinimumVisualStudioVersion = 10.0.40219.1
Project("{FAE04EC0-301F-11D3-BF4B-00C04F79EFBC}") = "Basic Events", "Basic Events\Basic Events.csproj", "{842D8A0A-43AE-418A-9F37-704848941486}"
EndProject
Global
	GlobalSection(SolutionConfigurationPlatforms) = preSolution
		Debug|Any CPU = Debug|Any CPU
		Release|Any CPU = Release|Any CPU
	EndGlobalSection
	GlobalSection(ProjectConfigurationPlatforms) = postSolution
		{842D8A0A-43AE-418A-9F37-704848941486}.Debug|Any CPU.ActiveCfg = Debug|Any CPU
		{842D8A0A-43AE-418A-9F37-704848941486}.Debug|Any CPU.Build.0 = Debug|Any CPU
		{842D8A0A-43AE-418A-9F37-704848941486}.Release|Any CPU.ActiveCfg = Release|Any CPU
		{842D8A0A-43AE-418A-9F37-704848941486}.Release|Any CPU.Build.0 = Release|Any CPU
	EndGlobalSection
	GlobalSection(SolutionProperties) = preSolution
		HideSolutionNode = FALSE
	EndGlobalSection
	GlobalSection(ExtensibilityGlobals) = postSolution
		SolutionGuid = {7918B2D7-1D8C-434D-A5AD-A70C6584216B}
	EndGlobalSection
EndGlobal
