
Microsoft Visual Studio Solution File, Format Version 12.00
# Visual Studio 15
VisualStudioVersion = 15.0.27703.2035
MinimumVisualStudioVersion = 10.0.40219.1
Project("{FAE04EC0-301F-11D3-BF4B-00C04F79EFBC}") = "IntermediateCSharp", "IntermediateCSharp\IntermediateCSharp.csproj", "{56263BF7-D203-459C-8CCC-FB1234C8CDAE}"
EndProject
Project("{FAE04EC0-301F-11D3-BF4B-00C04F79EFBC}") = "IntermediateCSharpUnitTest", "IntermediateCSharpUnitTest\IntermediateCSharpUnitTest.csproj", "{89009124-6563-4461-A3B3-3438738C6941}"
EndProject
Project("{FAE04EC0-301F-11D3-BF4B-00C04F79EFBC}") = "Interfaces", "Interfaces\Interfaces.csproj", "{F962E606-CB63-4A54-84DB-9258F2226D7D}"
EndProject
Project("{FAE04EC0-301F-11D3-BF4B-00C04F79EFBC}") = "Interfases2", "Interfases2\Interfases2.csproj", "{4DFB7FDD-3561-4701-94BE-581DB0A17500}"
EndProject
Project("{FAE04EC0-301F-11D3-BF4B-00C04F79EFBC}") = "Delegates", "Delegates\Delegates.csproj", "{D40CC715-82E6-41D9-B019-75B3DDA791C6}"
EndProject
Project("{FAE04EC0-301F-11D3-BF4B-00C04F79EFBC}") = "Delegates2", "Delegates2\Delegates2.csproj", "{149D6A66-D7BF-4F00-9BE1-F448A5F4EB45}"
EndProject
Project("{FAE04EC0-301F-11D3-BF4B-00C04F79EFBC}") = "Lambda", "Lambda\Lambda.csproj", "{732E1059-E3CC-4ECC-9088-86A4E8A01654}"
EndProject
Project("{FAE04EC0-301F-11D3-BF4B-00C04F79EFBC}") = "Events", "Events\Events.csproj", "{8AF51C5E-8A66-48EE-AF5D-C27DB9CA7AEF}"
EndProject
Project("{FAE04EC0-301F-11D3-BF4B-00C04F79EFBC}") = "Events2", "Events2\Events2.csproj", "{BB149C0A-7369-42E1-91DC-BEE469A72C42}"
EndProject
Project("{FAE04EC0-301F-11D3-BF4B-00C04F79EFBC}") = "Events3", "Events3\Events3.csproj", "{D8FB7482-0C10-4629-AA31-9A5A3051D64F}"
EndProject
Project("{FAE04EC0-301F-11D3-BF4B-00C04F79EFBC}") = "Events4", "Events4\Events4.csproj", "{275EEAD6-D672-48F9-8A59-A079108B7F13}"
EndProject
Project("{FAE04EC0-301F-11D3-BF4B-00C04F79EFBC}") = "Linq", "Linq\Linq.csproj", "{AF2ED805-57E9-4996-BE28-0E34D7358CD9}"
EndProject
Project("{FAE04EC0-301F-11D3-BF4B-00C04F79EFBC}") = "NullableTypes", "NullableTypes\NullableTypes.csproj", "{B8F892E1-6C37-4F45-9AEC-D60D29CA714B}"
EndProject
Project("{FAE04EC0-301F-11D3-BF4B-00C04F79EFBC}") = "ExceptionHandling", "ExceptionHandling\ExceptionHandling.csproj", "{140C7FF2-36EE-488C-AD11-CA1087AB0F0A}"
EndProject
Project("{FAE04EC0-301F-11D3-BF4B-00C04F79EFBC}") = "Events5", "Events5\Events5.csproj", "{B4D6B2D0-B184-42BA-BE90-72A634E3C7B8}"
EndProject
Project("{FAE04EC0-301F-11D3-BF4B-00C04F79EFBC}") = "AsyncAwait", "AsyncAwait\AsyncAwait.csproj", "{982C7CD7-A84B-495E-8A55-EAE9A3BC6F00}"
EndProject
Project("{FAE04EC0-301F-11D3-BF4B-00C04F79EFBC}") = "Threads", "Threads\Threads.csproj", "{679D823A-4D6C-42DB-ABEC-39E0F1070106}"
EndProject
Project("{FAE04EC0-301F-11D3-BF4B-00C04F79EFBC}") = "TestString", "TestString\TestString.csproj", "{599AF989-1795-4E80-B017-A2285E3E4C31}"
EndProject
Project("{FAE04EC0-301F-11D3-BF4B-00C04F79EFBC}") = "Events10", "Events10\Events10.csproj", "{9858DFE1-B81C-434C-B590-F84B3DC3498C}"
EndProject
Global
	GlobalSection(SolutionConfigurationPlatforms) = preSolution
		Debug|Any CPU = Debug|Any CPU
		Release|Any CPU = Release|Any CPU
	EndGlobalSection
	GlobalSection(ProjectConfigurationPlatforms) = postSolution
		{56263BF7-D203-459C-8CCC-FB1234C8CDAE}.Debug|Any CPU.ActiveCfg = Debug|Any CPU
		{56263BF7-D203-459C-8CCC-FB1234C8CDAE}.Debug|Any CPU.Build.0 = Debug|Any CPU
		{56263BF7-D203-459C-8CCC-FB1234C8CDAE}.Release|Any CPU.ActiveCfg = Release|Any CPU
		{56263BF7-D203-459C-8CCC-FB1234C8CDAE}.Release|Any CPU.Build.0 = Release|Any CPU
		{89009124-6563-4461-A3B3-3438738C6941}.Debug|Any CPU.ActiveCfg = Debug|Any CPU
		{89009124-6563-4461-A3B3-3438738C6941}.Debug|Any CPU.Build.0 = Debug|Any CPU
		{89009124-6563-4461-A3B3-3438738C6941}.Release|Any CPU.ActiveCfg = Release|Any CPU
		{89009124-6563-4461-A3B3-3438738C6941}.Release|Any CPU.Build.0 = Release|Any CPU
		{F962E606-CB63-4A54-84DB-9258F2226D7D}.Debug|Any CPU.ActiveCfg = Debug|Any CPU
		{F962E606-CB63-4A54-84DB-9258F2226D7D}.Debug|Any CPU.Build.0 = Debug|Any CPU
		{F962E606-CB63-4A54-84DB-9258F2226D7D}.Release|Any CPU.ActiveCfg = Release|Any CPU
		{F962E606-CB63-4A54-84DB-9258F2226D7D}.Release|Any CPU.Build.0 = Release|Any CPU
		{4DFB7FDD-3561-4701-94BE-581DB0A17500}.Debug|Any CPU.ActiveCfg = Debug|Any CPU
		{4DFB7FDD-3561-4701-94BE-581DB0A17500}.Debug|Any CPU.Build.0 = Debug|Any CPU
		{4DFB7FDD-3561-4701-94BE-581DB0A17500}.Release|Any CPU.ActiveCfg = Release|Any CPU
		{4DFB7FDD-3561-4701-94BE-581DB0A17500}.Release|Any CPU.Build.0 = Release|Any CPU
		{D40CC715-82E6-41D9-B019-75B3DDA791C6}.Debug|Any CPU.ActiveCfg = Debug|Any CPU
		{D40CC715-82E6-41D9-B019-75B3DDA791C6}.Debug|Any CPU.Build.0 = Debug|Any CPU
		{D40CC715-82E6-41D9-B019-75B3DDA791C6}.Release|Any CPU.ActiveCfg = Release|Any CPU
		{D40CC715-82E6-41D9-B019-75B3DDA791C6}.Release|Any CPU.Build.0 = Release|Any CPU
		{149D6A66-D7BF-4F00-9BE1-F448A5F4EB45}.Debug|Any CPU.ActiveCfg = Debug|Any CPU
		{149D6A66-D7BF-4F00-9BE1-F448A5F4EB45}.Debug|Any CPU.Build.0 = Debug|Any CPU
		{149D6A66-D7BF-4F00-9BE1-F448A5F4EB45}.Release|Any CPU.ActiveCfg = Release|Any CPU
		{149D6A66-D7BF-4F00-9BE1-F448A5F4EB45}.Release|Any CPU.Build.0 = Release|Any CPU
		{732E1059-E3CC-4ECC-9088-86A4E8A01654}.Debug|Any CPU.ActiveCfg = Debug|Any CPU
		{732E1059-E3CC-4ECC-9088-86A4E8A01654}.Debug|Any CPU.Build.0 = Debug|Any CPU
		{732E1059-E3CC-4ECC-9088-86A4E8A01654}.Release|Any CPU.ActiveCfg = Release|Any CPU
		{732E1059-E3CC-4ECC-9088-86A4E8A01654}.Release|Any CPU.Build.0 = Release|Any CPU
		{8AF51C5E-8A66-48EE-AF5D-C27DB9CA7AEF}.Debug|Any CPU.ActiveCfg = Debug|Any CPU
		{8AF51C5E-8A66-48EE-AF5D-C27DB9CA7AEF}.Debug|Any CPU.Build.0 = Debug|Any CPU
		{8AF51C5E-8A66-48EE-AF5D-C27DB9CA7AEF}.Release|Any CPU.ActiveCfg = Release|Any CPU
		{8AF51C5E-8A66-48EE-AF5D-C27DB9CA7AEF}.Release|Any CPU.Build.0 = Release|Any CPU
		{BB149C0A-7369-42E1-91DC-BEE469A72C42}.Debug|Any CPU.ActiveCfg = Debug|Any CPU
		{BB149C0A-7369-42E1-91DC-BEE469A72C42}.Debug|Any CPU.Build.0 = Debug|Any CPU
		{BB149C0A-7369-42E1-91DC-BEE469A72C42}.Release|Any CPU.ActiveCfg = Release|Any CPU
		{BB149C0A-7369-42E1-91DC-BEE469A72C42}.Release|Any CPU.Build.0 = Release|Any CPU
		{D8FB7482-0C10-4629-AA31-9A5A3051D64F}.Debug|Any CPU.ActiveCfg = Debug|Any CPU
		{D8FB7482-0C10-4629-AA31-9A5A3051D64F}.Debug|Any CPU.Build.0 = Debug|Any CPU
		{D8FB7482-0C10-4629-AA31-9A5A3051D64F}.Release|Any CPU.ActiveCfg = Release|Any CPU
		{D8FB7482-0C10-4629-AA31-9A5A3051D64F}.Release|Any CPU.Build.0 = Release|Any CPU
		{275EEAD6-D672-48F9-8A59-A079108B7F13}.Debug|Any CPU.ActiveCfg = Debug|Any CPU
		{275EEAD6-D672-48F9-8A59-A079108B7F13}.Debug|Any CPU.Build.0 = Debug|Any CPU
		{275EEAD6-D672-48F9-8A59-A079108B7F13}.Release|Any CPU.ActiveCfg = Release|Any CPU
		{275EEAD6-D672-48F9-8A59-A079108B7F13}.Release|Any CPU.Build.0 = Release|Any CPU
		{AF2ED805-57E9-4996-BE28-0E34D7358CD9}.Debug|Any CPU.ActiveCfg = Debug|Any CPU
		{AF2ED805-57E9-4996-BE28-0E34D7358CD9}.Debug|Any CPU.Build.0 = Debug|Any CPU
		{AF2ED805-57E9-4996-BE28-0E34D7358CD9}.Release|Any CPU.ActiveCfg = Release|Any CPU
		{AF2ED805-57E9-4996-BE28-0E34D7358CD9}.Release|Any CPU.Build.0 = Release|Any CPU
		{B8F892E1-6C37-4F45-9AEC-D60D29CA714B}.Debug|Any CPU.ActiveCfg = Debug|Any CPU
		{B8F892E1-6C37-4F45-9AEC-D60D29CA714B}.Debug|Any CPU.Build.0 = Debug|Any CPU
		{B8F892E1-6C37-4F45-9AEC-D60D29CA714B}.Release|Any CPU.ActiveCfg = Release|Any CPU
		{B8F892E1-6C37-4F45-9AEC-D60D29CA714B}.Release|Any CPU.Build.0 = Release|Any CPU
		{140C7FF2-36EE-488C-AD11-CA1087AB0F0A}.Debug|Any CPU.ActiveCfg = Debug|Any CPU
		{140C7FF2-36EE-488C-AD11-CA1087AB0F0A}.Debug|Any CPU.Build.0 = Debug|Any CPU
		{140C7FF2-36EE-488C-AD11-CA1087AB0F0A}.Release|Any CPU.ActiveCfg = Release|Any CPU
		{140C7FF2-36EE-488C-AD11-CA1087AB0F0A}.Release|Any CPU.Build.0 = Release|Any CPU
		{B4D6B2D0-B184-42BA-BE90-72A634E3C7B8}.Debug|Any CPU.ActiveCfg = Debug|Any CPU
		{B4D6B2D0-B184-42BA-BE90-72A634E3C7B8}.Debug|Any CPU.Build.0 = Debug|Any CPU
		{B4D6B2D0-B184-42BA-BE90-72A634E3C7B8}.Release|Any CPU.ActiveCfg = Release|Any CPU
		{B4D6B2D0-B184-42BA-BE90-72A634E3C7B8}.Release|Any CPU.Build.0 = Release|Any CPU
		{982C7CD7-A84B-495E-8A55-EAE9A3BC6F00}.Debug|Any CPU.ActiveCfg = Debug|Any CPU
		{982C7CD7-A84B-495E-8A55-EAE9A3BC6F00}.Debug|Any CPU.Build.0 = Debug|Any CPU
		{982C7CD7-A84B-495E-8A55-EAE9A3BC6F00}.Release|Any CPU.ActiveCfg = Release|Any CPU
		{982C7CD7-A84B-495E-8A55-EAE9A3BC6F00}.Release|Any CPU.Build.0 = Release|Any CPU
		{679D823A-4D6C-42DB-ABEC-39E0F1070106}.Debug|Any CPU.ActiveCfg = Debug|Any CPU
		{679D823A-4D6C-42DB-ABEC-39E0F1070106}.Debug|Any CPU.Build.0 = Debug|Any CPU
		{679D823A-4D6C-42DB-ABEC-39E0F1070106}.Release|Any CPU.ActiveCfg = Release|Any CPU
		{679D823A-4D6C-42DB-ABEC-39E0F1070106}.Release|Any CPU.Build.0 = Release|Any CPU
		{599AF989-1795-4E80-B017-A2285E3E4C31}.Debug|Any CPU.ActiveCfg = Debug|Any CPU
		{599AF989-1795-4E80-B017-A2285E3E4C31}.Debug|Any CPU.Build.0 = Debug|Any CPU
		{599AF989-1795-4E80-B017-A2285E3E4C31}.Release|Any CPU.ActiveCfg = Release|Any CPU
		{599AF989-1795-4E80-B017-A2285E3E4C31}.Release|Any CPU.Build.0 = Release|Any CPU
		{9858DFE1-B81C-434C-B590-F84B3DC3498C}.Debug|Any CPU.ActiveCfg = Debug|Any CPU
		{9858DFE1-B81C-434C-B590-F84B3DC3498C}.Debug|Any CPU.Build.0 = Debug|Any CPU
		{9858DFE1-B81C-434C-B590-F84B3DC3498C}.Release|Any CPU.ActiveCfg = Release|Any CPU
		{9858DFE1-B81C-434C-B590-F84B3DC3498C}.Release|Any CPU.Build.0 = Release|Any CPU
	EndGlobalSection
	GlobalSection(SolutionProperties) = preSolution
		HideSolutionNode = FALSE
	EndGlobalSection
	GlobalSection(ExtensibilityGlobals) = postSolution
		SolutionGuid = {D0397CEC-9B78-43EB-94A1-A2C917796740}
	EndGlobalSection
EndGlobal
